{
  "name": "natsumi-dashboard",
  "version": "1.0.0",
  "lockfileVersion": 3,
  "requires": true,
  "packages": {
    "": {
      "name": "natsumi-dashboard",
      "version": "1.0.0",
      "dependencies": {
        "axios": "^1.15.2"
      },
      "devDependencies": {
        "vite": "^7.1.7"
      }
    }
  }
}
